
Microsoft Visual Studio Solution File, Format Version 12.00
# Visual Studio Version 16
VisualStudioVersion = 16.0.29609.76
MinimumVisualStudioVersion = 10.0.40219.1
Project("{FAE04EC0-301F-11D3-BF4B-00C04F79EFBC}") = "DatabaseAccess", "DatabaseAccess.csproj", "{326B3289-D233-4ACE-B988-77561E10E33D}"
EndProject
Global
	GlobalSection(SolutionConfigurationPlatforms) = preSolution
		Debug|Any CPU = Debug|Any CPU
		Release|Any CPU = Release|Any CPU
	EndGlobalSection
	GlobalSection(ProjectConfigurationPlatforms) = postSolution
		{326B3289-D233-4ACE-B988-77561E10E33D}.Debug|Any CPU.ActiveCfg = Debug|Any CPU
		{326B3289-D233-4ACE-B988-77561E10E33D}.Debug|Any CPU.Build.0 = Debug|Any CPU
		{326B3289-D233-4ACE-B988-77561E10E33D}.Release|Any CPU.ActiveCfg = Release|Any CPU
		{326B3289-D233-4ACE-B988-77561E10E33D}.Release|Any CPU.Build.0 = Release|Any CPU
	EndGlobalSection
	GlobalSection(SolutionProperties) = preSolution
		HideSolutionNode = FALSE
	EndGlobalSection
	GlobalSection(ExtensibilityGlobals) = postSolution
		SolutionGuid = {12261000-D933-4D3F-A56C-7EABB67F7563}
	EndGlobalSection
EndGlobal
